
Microsoft Visual Studio Solution File, Format Version 11.00
# Visual Studio 2010
Project("{FAE04EC0-301F-11D3-BF4B-00C04F79EFBC}") = "ExploreGlobal.Engine", "ExploreGlobal.Engine\ExploreGlobal.Engine.csproj", "{C452A439-863B-471C-A22F-BFCA3290410E}"
EndProject
Project("{FAE04EC0-301F-11D3-BF4B-00C04F79EFBC}") = "ExploreGlobal.Engine.Tests", "ExploreGlobal.Engine.Tests\ExploreGlobal.Engine.Tests.csproj", "{B280D598-9263-4292-9938-C3D31A9108F7}"
EndProject
Global
	GlobalSection(SolutionConfigurationPlatforms) = preSolution
		Debug|Any CPU = Debug|Any CPU
		Release|Any CPU = Release|Any CPU
	EndGlobalSection
	GlobalSection(ProjectConfigurationPlatforms) = postSolution
		{C452A439-863B-471C-A22F-BFCA3290410E}.Debug|Any CPU.ActiveCfg = Debug|Any CPU
		{C452A439-863B-471C-A22F-BFCA3290410E}.Debug|Any CPU.Build.0 = Debug|Any CPU
		{C452A439-863B-471C-A22F-BFCA3290410E}.Release|Any CPU.ActiveCfg = Release|Any CPU
		{C452A439-863B-471C-A22F-BFCA3290410E}.Release|Any CPU.Build.0 = Release|Any CPU
		{B280D598-9263-4292-9938-C3D31A9108F7}.Debug|Any CPU.ActiveCfg = Debug|Any CPU
		{B280D598-9263-4292-9938-C3D31A9108F7}.Debug|Any CPU.Build.0 = Debug|Any CPU
		{B280D598-9263-4292-9938-C3D31A9108F7}.Release|Any CPU.ActiveCfg = Release|Any CPU
		{B280D598-9263-4292-9938-C3D31A9108F7}.Release|Any CPU.Build.0 = Release|Any CPU
	EndGlobalSection
	GlobalSection(SolutionProperties) = preSolution
		HideSolutionNode = FALSE
	EndGlobalSection
EndGlobal
